
Microsoft Visual Studio Solution File, Format Version 12.00
# Visual Studio Version 16
VisualStudioVersion = 16.0.31613.86
MinimumVisualStudioVersion = 10.0.40219.1
Project("{FAE04EC0-301F-11D3-BF4B-00C04F79EFBC}") = "PresentacionTiendaDos", "PresentacionTiendaDos\PresentacionTiendaDos.csproj", "{6FA8741D-8AC6-4C34-8C43-B2628054E7E6}"
EndProject
Global
	GlobalSection(SolutionConfigurationPlatforms) = preSolution
		Debug|Any CPU = Debug|Any CPU
		Release|Any CPU = Release|Any CPU
	EndGlobalSection
	GlobalSection(ProjectConfigurationPlatforms) = postSolution
		{6FA8741D-8AC6-4C34-8C43-B2628054E7E6}.Debug|Any CPU.ActiveCfg = Debug|Any CPU
		{6FA8741D-8AC6-4C34-8C43-B2628054E7E6}.Debug|Any CPU.Build.0 = Debug|Any CPU
		{6FA8741D-8AC6-4C34-8C43-B2628054E7E6}.Release|Any CPU.ActiveCfg = Release|Any CPU
		{6FA8741D-8AC6-4C34-8C43-B2628054E7E6}.Release|Any CPU.Build.0 = Release|Any CPU
	EndGlobalSection
	GlobalSection(SolutionProperties) = preSolution
		HideSolutionNode = FALSE
	EndGlobalSection
	GlobalSection(ExtensibilityGlobals) = postSolution
		SolutionGuid = {83CE7EE4-ACAC-4BCC-8CE8-D24B859FD2D5}
	EndGlobalSection
EndGlobal
